{
  "requires": true,
  "lockfileVersion": 1,
  "dependencies": {
    "imagekit-javascript": {
      "version": "1.3.7",
      "resolved": "https://registry.npmjs.org/imagekit-javascript/-/imagekit-javascript-1.3.7.tgz",
      "integrity": "sha512-ZPSMq3l1ql1ObQINiDWeh9Zhvs3kVsDRIeW7SSbs9ZftBKdNBt5auJhTjVdQgVOxhxPaCugV0V8W+7Jgjx3/pQ=="
    }
  }
}
